// !$*UTF8*$!
{
	archiveVersion = 1;
	classes = {
	};
	objectVersion = 56;
	objects = {

/* Begin PBXBuildFile section */
		A70550A22A42EC0600825A4B /* LoginDemo.docc in Sources */ = {isa = PBXBuildFile; fileRef = A70550A12A42EC0600825A4B /* LoginDemo.docc */; };
		A70550A82A42EC0600825A4B /* LoginDemo.framework in Frameworks */ = {isa = PBXBuildFile; fileRef = A705509D2A42EC0600825A4B /* LoginDemo.framework */; };
		A70550AD2A42EC0600825A4B /* LoginDemoTests.swift in Sources */ = {isa = PBXBuildFile; fileRef = A70550AC2A42EC0600825A4B /* LoginDemoTests.swift */; };
		A70550AE2A42EC0600825A4B /* LoginDemo.h in Headers */ = {isa = PBXBuildFile; fileRef = A70550A02A42EC0600825A4B /* LoginDemo.h */; settings = {ATTRIBUTES = (Public, ); }; };
		A70550B92A42F14000825A4B /* LoginViewController.swift in Sources */ = {isa = PBXBuildFile; fileRef = A70550B72A42F14000825A4B /* LoginViewController.swift */; };
		A70550BA2A42F14000825A4B /* LoginViewController.xib in Resources */ = {isa = PBXBuildFile; fileRef = A70550B82A42F14000825A4B /* LoginViewController.xib */; };
/* End PBXBuildFile section */

/* Begin PBXContainerItemProxy section */
		A70550A92A42EC0600825A4B /* PBXContainerItemProxy */ = {
			isa = PBXContainerItemProxy;
			containerPortal = A70550942A42EC0600825A4B /* Project object */;
			proxyType = 1;
			remoteGlobalIDString = A705509C2A42EC0600825A4B;
			remoteInfo = LoginDemo;
		};
/* End PBXContainerItemProxy section */

/* Begin PBXFileReference section */
		A705509D2A42EC0600825A4B /* LoginDemo.framework */ = {isa = PBXFileReference; explicitFileType = wrapper.framework; includeInIndex = 0; path = LoginDemo.framework; sourceTree = BUILT_PRODUCTS_DIR; };
		A70550A02A42EC0600825A4B /* LoginDemo.h */ = {isa = PBXFileReference; lastKnownFileType = sourcecode.c.h; path = LoginDemo.h; sourceTree = "<group>"; };
		A70550A12A42EC0600825A4B /* LoginDemo.docc */ = {isa = PBXFileReference; lastKnownFileType = folder.documentationcatalog; path = LoginDemo.docc; sourceTree = "<group>"; };
		A70550A72A42EC0600825A4B /* LoginDemoTests.xctest */ = {isa = PBXFileReference; explicitFileType = wrapper.cfbundle; includeInIndex = 0; path = LoginDemoTests.xctest; sourceTree = BUILT_PRODUCTS_DIR; };
		A70550AC2A42EC0600825A4B /* LoginDemoTests.swift */ = {isa = PBXFileReference; lastKnownFileType = sourcecode.swift; path = LoginDemoTests.swift; sourceTree = "<group>"; };
		A70550B72A42F14000825A4B /* LoginViewController.swift */ = {isa = PBXFileReference; lastKnownFileType = sourcecode.swift; path = LoginViewController.swift; sourceTree = "<group>"; };
		A70550B82A42F14000825A4B /* LoginViewController.xib */ = {isa = PBXFileReference; lastKnownFileType = file.xib; path = LoginViewController.xib; sourceTree = "<group>"; };
/* End PBXFileReference section */

/* Begin PBXFrameworksBuildPhase section */
		A705509A2A42EC0600825A4B /* Frameworks */ = {
			isa = PBXFrameworksBuildPhase;
			buildActionMask = 2147483647;
			files = (
			);
			runOnlyForDeploymentPostprocessing = 0;
		};
		A70550A42A42EC0600825A4B /* Frameworks */ = {
			isa = PBXFrameworksBuildPhase;
			buildActionMask = 2147483647;
			files = (
				A70550A82A42EC0600825A4B /* LoginDemo.framework in Frameworks */,
			);
			runOnlyForDeploymentPostprocessing = 0;
		};
/* End PBXFrameworksBuildPhase section */

/* Begin PBXGroup section */
		A70550932A42EC0600825A4B = {
			isa = PBXGroup;
			children = (
				A705509F2A42EC0600825A4B /* LoginDemo */,
				A70550AB2A42EC0600825A4B /* LoginDemoTests */,
				A705509E2A42EC0600825A4B /* Products */,
			);
			sourceTree = "<group>";
		};
		A705509E2A42EC0600825A4B /* Products */ = {
			isa = PBXGroup;
			children = (
				A705509D2A42EC0600825A4B /* LoginDemo.framework */,
				A70550A72A42EC0600825A4B /* LoginDemoTests.xctest */,
			);
			name = Products;
			sourceTree = "<group>";
		};
		A705509F2A42EC0600825A4B /* LoginDemo */ = {
			isa = PBXGroup;
			children = (
				A70550A02A42EC0600825A4B /* LoginDemo.h */,
				A70550A12A42EC0600825A4B /* LoginDemo.docc */,
				A70550B72A42F14000825A4B /* LoginViewController.swift */,
				A70550B82A42F14000825A4B /* LoginViewController.xib */,
			);
			path = LoginDemo;
			sourceTree = "<group>";
		};
		A70550AB2A42EC0600825A4B /* LoginDemoTests */ = {
			isa = PBXGroup;
			children = (
				A70550AC2A42EC0600825A4B /* LoginDemoTests.swift */,
			);
			path = LoginDemoTests;
			sourceTree = "<group>";
		};
/* End PBXGroup section */

/* Begin PBXHeadersBuildPhase section */
		A70550982A42EC0600825A4B /* Headers */ = {
			isa = PBXHeadersBuildPhase;
			buildActionMask = 2147483647;
			files = (
				A70550AE2A42EC0600825A4B /* LoginDemo.h in Headers */,
			);
			runOnlyForDeploymentPostprocessing = 0;
		};
/* End PBXHeadersBuildPhase section */

/* Begin PBXNativeTarget section */
		A705509C2A42EC0600825A4B /* LoginDemo */ = {
			isa = PBXNativeTarget;
			buildConfigurationList = A70550B12A42EC0600825A4B /* Build configuration list for PBXNativeTarget "LoginDemo" */;
			buildPhases = (
				A70550982A42EC0600825A4B /* Headers */,
				A70550992A42EC0600825A4B /* Sources */,
				A705509A2A42EC0600825A4B /* Frameworks */,
				A705509B2A42EC0600825A4B /* Resources */,
			);
			buildRules = (
			);
			dependencies = (
			);
			name = LoginDemo;
			productName = LoginDemo;
			productReference = A705509D2A42EC0600825A4B /* LoginDemo.framework */;
			productType = "com.apple.product-type.framework";
		};
		A70550A62A42EC0600825A4B /* LoginDemoTests */ = {
			isa = PBXNativeTarget;
			buildConfigurationList = A70550B42A42EC0600825A4B /* Build configuration list for PBXNativeTarget "LoginDemoTests" */;
			buildPhases = (
				A70550A32A42EC0600825A4B /* Sources */,
				A70550A42A42EC0600825A4B /* Frameworks */,
				A70550A52A42EC0600825A4B /* Resources */,
			);
			buildRules = (
			);
			dependencies = (
				A70550AA2A42EC0600825A4B /* PBXTargetDependency */,
			);
			name = LoginDemoTests;
			productName = LoginDemoTests;
			productReference = A70550A72A42EC0600825A4B /* LoginDemoTests.xctest */;
			productType = "com.apple.product-type.bundle.unit-test";
		};
/* End PBXNativeTarget section */

/* Begin PBXProject section */
		A70550942A42EC0600825A4B /* Project object */ = {
			isa = PBXProject;
			attributes = {
				BuildIndependentTargetsInParallel = 1;
				LastSwiftUpdateCheck = 1430;
				LastUpgradeCheck = 1430;
				TargetAttributes = {
					A705509C2A42EC0600825A4B = {
						CreatedOnToolsVersion = 14.3;
					};
					A70550A62A42EC0600825A4B = {
						CreatedOnToolsVersion = 14.3;
					};
				};
			};
			buildConfigurationList = A70550972A42EC0600825A4B /* Build configuration list for PBXProject "LoginDemo" */;
			compatibilityVersion = "Xcode 14.0";
			developmentRegion = en;
			hasScannedForEncodings = 0;
			knownRegions = (
				en,
				Base,
			);
			mainGroup = A70550932A42EC0600825A4B;
			productRefGroup = A705509E2A42EC0600825A4B /* Products */;
			projectDirPath = "";
			projectRoot = "";
			targets = (
				A705509C2A42EC0600825A4B /* LoginDemo */,
				A70550A62A42EC0600825A4B /* LoginDemoTests */,
			);
		};
/* End PBXProject section */

/* Begin PBXResourcesBuildPhase section */
		A705509B2A42EC0600825A4B /* Resources */ = {
			isa = PBXResourcesBuildPhase;
			buildActionMask = 2147483647;
			files = (
				A70550BA2A42F14000825A4B /* LoginViewController.xib in Resources */,
			);
			runOnlyForDeploymentPostprocessing = 0;
		};
		A70550A52A42EC0600825A4B /* Resources */ = {
			isa = PBXResourcesBuildPhase;
			buildActionMask = 2147483647;
			files = (
			);
			runOnlyForDeploymentPostprocessing = 0;
		};
/* End PBXResourcesBuildPhase section */

/* Begin PBXSourcesBuildPhase section */
		A70550992A42EC0600825A4B /* Sources */ = {
			isa = PBXSourcesBuildPhase;
			buildActionMask = 2147483647;
			files = (
				A70550B92A42F14000825A4B /* LoginViewController.swift in Sources */,
				A70550A22A42EC0600825A4B /* LoginDemo.docc in Sources */,
			);
			runOnlyForDeploymentPostprocessing = 0;
		};
		A70550A32A42EC0600825A4B /* Sources */ = {
			isa = PBXSourcesBuildPhase;
			buildActionMask = 2147483647;
			files = (
				A70550AD2A42EC0600825A4B /* LoginDemoTests.swift in Sources */,
			);
			runOnlyForDeploymentPostprocessing = 0;
		};
/* End PBXSourcesBuildPhase section */

/* Begin PBXTargetDependency section */
		A70550AA2A42EC0600825A4B /* PBXTargetDependency */ = {
			isa = PBXTargetDependency;
			target = A705509C2A42EC0600825A4B /* LoginDemo */;
			targetProxy = A70550A92A42EC0600825A4B /* PBXContainerItemProxy */;
		};
/* End PBXTargetDependency section */

/* Begin XCBuildConfiguration section */
		A70550AF2A42EC0600825A4B /* Debug */ = {
			isa = XCBuildConfiguration;
			buildSettings = {
				ALWAYS_SEARCH_USER_PATHS = NO;
				CLANG_ANALYZER_NONNULL = YES;
				CLANG_ANALYZER_NUMBER_OBJECT_CONVERSION = YES_AGGRESSIVE;
				CLANG_CXX_LANGUAGE_STANDARD = "gnu++20";
				CLANG_ENABLE_MODULES = YES;
				CLANG_ENABLE_OBJC_ARC = YES;
				CLANG_ENABLE_OBJC_WEAK = YES;
				CLANG_WARN_BLOCK_CAPTURE_AUTORELEASING = YES;
				CLANG_WARN_BOOL_CONVERSION = YES;
				CLANG_WARN_COMMA = YES;
				CLANG_WARN_CONSTANT_CONVERSION = YES;
				CLANG_WARN_DEPRECATED_OBJC_IMPLEMENTATIONS = YES;
				CLANG_WARN_DIRECT_OBJC_ISA_USAGE = YES_ERROR;
				CLANG_WARN_DOCUMENTATION_COMMENTS = YES;
				CLANG_WARN_EMPTY_BODY = YES;
				CLANG_WARN_ENUM_CONVERSION = YES;
				CLANG_WARN_INFINITE_RECURSION = YES;
				CLANG_WARN_INT_CONVERSION = YES;
				CLANG_WARN_NON_LITERAL_NULL_CONVERSION = YES;
				CLANG_WARN_OBJC_IMPLICIT_RETAIN_SELF = YES;
				CLANG_WARN_OBJC_LITERAL_CONVERSION = YES;
				CLANG_WARN_OBJC_ROOT_CLASS = YES_ERROR;
				CLANG_WARN_QUOTED_INCLUDE_IN_FRAMEWORK_HEADER = YES;
				CLANG_WARN_RANGE_LOOP_ANALYSIS = YES;
				CLANG_WARN_STRICT_PROTOTYPES = YES;
				CLANG_WARN_SUSPICIOUS_MOVE = YES;
				CLANG_WARN_UNGUARDED_AVAILABILITY = YES_AGGRESSIVE;
				CLANG_WARN_UNREACHABLE_CODE = YES;
				CLANG_WARN__DUPLICATE_METHOD_MATCH = YES;
				COPY_PHASE_STRIP = NO;
				CURRENT_PROJECT_VERSION = 1;
				DEBUG_INFORMATION_FORMAT = dwarf;
				ENABLE_STRICT_OBJC_MSGSEND = YES;
				ENABLE_TESTABILITY = YES;
				GCC_C_LANGUAGE_STANDARD = gnu11;
				GCC_DYNAMIC_NO_PIC = NO;
				GCC_NO_COMMON_BLOCKS = YES;
				GCC_OPTIMIZATION_LEVEL = 0;
				GCC_PREPROCESSOR_DEFINITIONS = (
					"DEBUG=1",
					"$(inherited)",
				);
				GCC_WARN_64_TO_32_BIT_CONVERSION = YES;
				GCC_WARN_ABOUT_RETURN_TYPE = YES_ERROR;
				GCC_WARN_UNDECLARED_SELECTOR = YES;
				GCC_WARN_UNINITIALIZED_AUTOS = YES_AGGRESSIVE;
				GCC_WARN_UNUSED_FUNCTION = YES;
				GCC_WARN_UNUSED_VARIABLE = YES;
				IPHONEOS_DEPLOYMENT_TARGET = 13.0;
				MTL_ENABLE_DEBUG_INFO = INCLUDE_SOURCE;
				MTL_FAST_MATH = YES;
				ONLY_ACTIVE_ARCH = YES;
				SDKROOT = iphoneos;
				SWIFT_ACTIVE_COMPILATION_CONDITIONS = DEBUG;
				SWIFT_OPTIMIZATION_LEVEL = "-Onone";
				VERSIONING_SYSTEM = "apple-generic";
				VERSION_INFO_PREFIX = "";
			};
			name = Debug;
		};
		A70550B02A42EC0600825A4B /* Release */ = {
			isa = XCBuildConfiguration;
			buildSettings = {
				ALWAYS_SEARCH_USER_PATHS = NO;
				CLANG_ANALYZER_NONNULL = YES;
				CLANG_ANALYZER_NUMBER_OBJECT_CONVERSION = YES_AGGRESSIVE;
				CLANG_CXX_LANGUAGE_STANDARD = "gnu++20";
				CLANG_ENABLE_MODULES = YES;
				CLANG_ENABLE_OBJC_ARC = YES;
				CLANG_ENABLE_OBJC_WEAK = YES;
				CLANG_WARN_BLOCK_CAPTURE_AUTORELEASING = YES;
				CLANG_WARN_BOOL_CONVERSION = YES;
				CLANG_WARN_COMMA = YES;
				CLANG_WARN_CONSTANT_CONVERSION = YES;
				CLANG_WARN_DEPRECATED_OBJC_IMPLEMENTATIONS = YES;
				CLANG_WARN_DIRECT_OBJC_ISA_USAGE = YES_ERROR;
				CLANG_WARN_DOCUMENTATION_COMMENTS = YES;
				CLANG_WARN_EMPTY_BODY = YES;
				CLANG_WARN_ENUM_CONVERSION = YES;
				CLANG_WARN_INFINITE_RECURSION = YES;
				CLANG_WARN_INT_CONVERSION = YES;
				CLANG_WARN_NON_LITERAL_NULL_CONVERSION = YES;
				CLANG_WARN_OBJC_IMPLICIT_RETAIN_SELF = YES;
				CLANG_WARN_OBJC_LITERAL_CONVERSION = YES;
				CLANG_WARN_OBJC_ROOT_CLASS = YES_ERROR;
				CLANG_WARN_QUOTED_INCLUDE_IN_FRAMEWORK_HEADER = YES;
				CLANG_WARN_RANGE_LOOP_ANALYSIS = YES;
				CLANG_WARN_STRICT_PROTOTYPES = YES;
				CLANG_WARN_SUSPICIOUS_MOVE = YES;
				CLANG_WARN_UNGUARDED_AVAILABILITY = YES_AGGRESSIVE;
				CLANG_WARN_UNREACHABLE_CODE = YES;
				CLANG_WARN__DUPLICATE_METHOD_MATCH = YES;
				COPY_PHASE_STRIP = NO;
				CURRENT_PROJECT_VERSION = 1;
				DEBUG_INFORMATION_FORMAT = "dwarf-with-dsym";
				ENABLE_NS_ASSERTIONS = NO;
				ENABLE_STRICT_OBJC_MSGSEND = YES;
				GCC_C_LANGUAGE_STANDARD = gnu11;
				GCC_NO_COMMON_BLOCKS = YES;
				GCC_WARN_64_TO_32_BIT_CONVERSION = YES;
				GCC_WARN_ABOUT_RETURN_TYPE = YES_ERROR;
				GCC_WARN_UNDECLARED_SELECTOR = YES;
				GCC_WARN_UNINITIALIZED_AUTOS = YES_AGGRESSIVE;
				GCC_WARN_UNUSED_FUNCTION = YES;
				GCC_WARN_UNUSED_VARIABLE = YES;
				IPHONEOS_DEPLOYMENT_TARGET = 13.0;
				MTL_ENABLE_DEBUG_INFO = NO;
				MTL_FAST_MATH = YES;
				SDKROOT = iphoneos;
				SWIFT_COMPILATION_MODE = wholemodule;
				SWIFT_OPTIMIZATION_LEVEL = "-O";
				VALIDATE_PRODUCT = YES;
				VERSIONING_SYSTEM = "apple-generic";
				VERSION_INFO_PREFIX = "";
			};
			name = Release;
		};
		A70550B22A42EC0600825A4B /* Debug */ = {
			isa = XCBuildConfiguration;
			buildSettings = {
				CODE_SIGN_STYLE = Automatic;
				CURRENT_PROJECT_VERSION = 1;
				DEFINES_MODULE = YES;
				DEVELOPMENT_TEAM = QNN4S4EU9V;
				DYLIB_COMPATIBILITY_VERSION = 1;
				DYLIB_CURRENT_VERSION = 1;
				DYLIB_INSTALL_NAME_BASE = "@rpath";
				ENABLE_MODULE_VERIFIER = YES;
				GENERATE_INFOPLIST_FILE = YES;
				INFOPLIST_KEY_NSHumanReadableCopyright = "";
				INSTALL_PATH = "$(LOCAL_LIBRARY_DIR)/Frameworks";
				LD_RUNPATH_SEARCH_PATHS = (
					"$(inherited)",
					"@executable_path/Frameworks",
					"@loader_path/Frameworks",
				);
				MARKETING_VERSION = 1.0;
				MODULE_VERIFIER_SUPPORTED_LANGUAGES = "objective-c objective-c++";
				MODULE_VERIFIER_SUPPORTED_LANGUAGE_STANDARDS = "gnu11 gnu++20";
				PRODUCT_BUNDLE_IDENTIFIER = co.Nu10.LoginDemo;
				PRODUCT_NAME = "$(TARGET_NAME:c99extidentifier)";
				SKIP_INSTALL = YES;
				SWIFT_EMIT_LOC_STRINGS = YES;
				SWIFT_VERSION = 5.0;
				TARGETED_DEVICE_FAMILY = "1,2";
			};
			name = Debug;
		};
		A70550B32A42EC0600825A4B /* Release */ = {
			isa = XCBuildConfiguration;
			buildSettings = {
				CODE_SIGN_STYLE = Automatic;
				CURRENT_PROJECT_VERSION = 1;
				DEFINES_MODULE = YES;
				DEVELOPMENT_TEAM = QNN4S4EU9V;
				DYLIB_COMPATIBILITY_VERSION = 1;
				DYLIB_CURRENT_VERSION = 1;
				DYLIB_INSTALL_NAME_BASE = "@rpath";
				ENABLE_MODULE_VERIFIER = YES;
				GENERATE_INFOPLIST_FILE = YES;
				INFOPLIST_KEY_NSHumanReadableCopyright = "";
				INSTALL_PATH = "$(LOCAL_LIBRARY_DIR)/Frameworks";
				LD_RUNPATH_SEARCH_PATHS = (
					"$(inherited)",
					"@executable_path/Frameworks",
					"@loader_path/Frameworks",
				);
				MARKETING_VERSION = 1.0;
				MODULE_VERIFIER_SUPPORTED_LANGUAGES = "objective-c objective-c++";
				MODULE_VERIFIER_SUPPORTED_LANGUAGE_STANDARDS = "gnu11 gnu++20";
				PRODUCT_BUNDLE_IDENTIFIER = co.Nu10.LoginDemo;
				PRODUCT_NAME = "$(TARGET_NAME:c99extidentifier)";
				SKIP_INSTALL = YES;
				SWIFT_EMIT_LOC_STRINGS = YES;
				SWIFT_VERSION = 5.0;
				TARGETED_DEVICE_FAMILY = "1,2";
			};
			name = Release;
		};
		A70550B52A42EC0600825A4B /* Debug */ = {
			isa = XCBuildConfiguration;
			buildSettings = {
				ALWAYS_EMBED_SWIFT_STANDARD_LIBRARIES = YES;
				CODE_SIGN_STYLE = Automatic;
				CURRENT_PROJECT_VERSION = 1;
				DEVELOPMENT_TEAM = QNN4S4EU9V;
				GENERATE_INFOPLIST_FILE = YES;
				MARKETING_VERSION = 1.0;
				PRODUCT_BUNDLE_IDENTIFIER = co.Nu10.LoginDemoTests;
				PRODUCT_NAME = "$(TARGET_NAME)";
				SWIFT_EMIT_LOC_STRINGS = NO;
				SWIFT_VERSION = 5.0;
				TARGETED_DEVICE_FAMILY = "1,2";
			};
			name = Debug;
		};
		A70550B62A42EC0600825A4B /* Release */ = {
			isa = XCBuildConfiguration;
			buildSettings = {
				ALWAYS_EMBED_SWIFT_STANDARD_LIBRARIES = YES;
				CODE_SIGN_STYLE = Automatic;
				CURRENT_PROJECT_VERSION = 1;
				DEVELOPMENT_TEAM = QNN4S4EU9V;
				GENERATE_INFOPLIST_FILE = YES;
				MARKETING_VERSION = 1.0;
				PRODUCT_BUNDLE_IDENTIFIER = co.Nu10.LoginDemoTests;
				PRODUCT_NAME = "$(TARGET_NAME)";
				SWIFT_EMIT_LOC_STRINGS = NO;
				SWIFT_VERSION = 5.0;
				TARGETED_DEVICE_FAMILY = "1,2";
			};
			name = Release;
		};
/* End XCBuildConfiguration section */

/* Begin XCConfigurationList section */
		A70550972A42EC0600825A4B /* Build configuration list for PBXProject "LoginDemo" */ = {
			isa = XCConfigurationList;
			buildConfigurations = (
				A70550AF2A42EC0600825A4B /* Debug */,
				A70550B02A42EC0600825A4B /* Release */,
			);
			defaultConfigurationIsVisible = 0;
			defaultConfigurationName = Release;
		};
		A70550B12A42EC0600825A4B /* Build configuration list for PBXNativeTarget "LoginDemo" */ = {
			isa = XCConfigurationList;
			buildConfigurations = (
				A70550B22A42EC0600825A4B /* Debug */,
				A70550B32A42EC0600825A4B /* Release */,
			);
			defaultConfigurationIsVisible = 0;
			defaultConfigurationName = Release;
		};
		A70550B42A42EC0600825A4B /* Build configuration list for PBXNativeTarget "LoginDemoTests" */ = {
			isa = XCConfigurationList;
			buildConfigurations = (
				A70550B52A42EC0600825A4B /* Debug */,
				A70550B62A42EC0600825A4B /* Release */,
			);
			defaultConfigurationIsVisible = 0;
			defaultConfigurationName = Release;
		};
/* End XCConfigurationList section */
	};
	rootObject = A70550942A42EC0600825A4B /* Project object */;
}
